# THIS IS AN AUTOGENERATED FILE. DO NOT EDIT THIS FILE DIRECTLY.
# yarn lockfile v1


"flatpickr@^4.6.13":
  "integrity" "sha512-97PMG/aywoYpB4IvbvUJi0RQi8vearvU0oov1WW3k0WZPBMrTQVqekSX5CjSG/M4Q3i6A/0FKXC7RyAoAUUSPw=="
  "resolved" "https://registry.npmjs.org/flatpickr/-/flatpickr-4.6.13.tgz"
  "version" "4.6.13"

"sweetalert2@^11.11.0":
  "integrity" "sha512-wKCTtoE6lQVDKaJ5FFq+znk/YykJmJlD8RnLZps8C7DyivctCoRlVeeOwnKfgwKS+QJYon7s++3dmNi3/am1tw=="
  "resolved" "https://registry.npmjs.org/sweetalert2/-/sweetalert2-11.11.0.tgz"
  "version" "11.11.0"
